<?xml version="1.0" encoding="utf-8"?>
<Project ToolsVersion="4.0" xmlns="http://schemas.microsoft.com/developer/msbuild/2003">
  <ItemGroup>
    <Filter Include="보조 클래스">
      <UniqueIdentifier>{3568124e-9752-4f95-9d3a-6bc375c3a5dd}</UniqueIdentifier>
    </Filter>
    <Filter Include="주 클래스">
      <UniqueIdentifier>{0fde54cc-284c-4a46-8cf2-065a54687752}</UniqueIdentifier>
    </Filter>
    <Filter Include="Preset">
      <UniqueIdentifier>{bea80209-33a8-48c5-a476-ccbba2fb483d}</UniqueIdentifier>
    </Filter>
    <Filter Include="Preset\Word">
      <UniqueIdentifier>{78b5dc6e-ae8f-47eb-8ee1-d86028421324}</UniqueIdentifier>
    </Filter>
    <Filter Include="Preset\Short">
      <UniqueIdentifier>{41569b20-aa2c-4bea-a1df-4b68ffa79a13}</UniqueIdentifier>
    </Filter>
    <Filter Include="Preset\Long">
      <UniqueIdentifier>{1ef88b00-31e1-47f9-9115-77f99fd183a5}</UniqueIdentifier>
    </Filter>
    <Filter Include="Preset\Game">
      <UniqueIdentifier>{5f78d9ca-f757-4b17-b4e5-3e5bb9cc2d08}</UniqueIdentifier>
    </Filter>
    <Filter Include="Layout">
      <UniqueIdentifier>{67DA6AB6-F800-4c08-8B7A-83BB121AAD01}</UniqueIdentifier>
      <Extensions>rc;ico;cur;bmp;dlg;rc2;rct;bin;rgs;gif;jpg;jpeg;jpe;resx;tiff;tif;png;wav;mfcribbon-ms</Extensions>
    </Filter>
    <Filter Include="Layout\Hangman Gallows">
      <UniqueIdentifier>{5a92150e-f029-4a34-8a0e-babe1b4992e3}</UniqueIdentifier>
    </Filter>
    <Filter Include="Layout\Others">
      <UniqueIdentifier>{4f9360ed-f24b-4d05-9c16-6ca25e1c3777}</UniqueIdentifier>
    </Filter>
    <Filter Include="_Document">
      <UniqueIdentifier>{5b325813-49cd-4d5d-827f-1655fd02653a}</UniqueIdentifier>
    </Filter>
    <Filter Include="테스트">
      <UniqueIdentifier>{5d5ba486-fe4c-40fe-b7ad-8bb014823b0e}</UniqueIdentifier>
    </Filter>
    <Filter Include="Statistics">
      <UniqueIdentifier>{a2a4e187-2e1e-45c7-bcbd-29d86eef9eeb}</UniqueIdentifier>
    </Filter>
    <Filter Include="_Others">
      <UniqueIdentifier>{4FC737F1-C7A5-4376-A066-2A32D752A2FF}</UniqueIdentifier>
      <Extensions>cpp;c;cc;cxx;c++;def;odl;idl;hpj;bat;asm;asmx</Extensions>
    </Filter>
  </ItemGroup>
  <ItemGroup>
    <ClCompile Include="main.cpp">
      <Filter>_Others</Filter>
    </ClCompile>
    <ClCompile Include="Console.cpp">
      <Filter>보조 클래스</Filter>
    </ClCompile>
    <ClCompile Include="Config.cpp">
      <Filter>보조 클래스</Filter>
    </ClCompile>
    <ClCompile Include="ProgramManager.cpp">
      <Filter>주 클래스</Filter>
    </ClCompile>
    <ClCompile Include="MainMenu.cpp">
      <Filter>주 클래스</Filter>
    </ClCompile>
    <ClCompile Include="Timer.cpp">
      <Filter>보조 클래스</Filter>
    </ClCompile>
    <ClCompile Include="LongPractice.cpp">
      <Filter>주 클래스</Filter>
    </ClCompile>
    <ClCompile Include="MiniGame.cpp">
      <Filter>주 클래스</Filter>
    </ClCompile>
    <ClCompile Include="ShortPractice.cpp">
      <Filter>주 클래스</Filter>
    </ClCompile>
    <ClCompile Include="Statistics.cpp">
      <Filter>주 클래스</Filter>
    </ClCompile>
    <ClCompile Include="TypingManager.cpp">
      <Filter>주 클래스</Filter>
    </ClCompile>
    <ClCompile Include="WordPractice.cpp">
      <Filter>주 클래스</Filter>
    </ClCompile>
    <ClCompile Include="Keyboard.cpp">
      <Filter>보조 클래스</Filter>
    </ClCompile>
    <ClCompile Include="Random.cpp">
      <Filter>보조 클래스</Filter>
    </ClCompile>
    <ClCompile Include="Text.cpp">
      <Filter>보조 클래스</Filter>
    </ClCompile>
  </ItemGroup>
  <ItemGroup>
    <ClInclude Include="Config.h">
      <Filter>보조 클래스</Filter>
    </ClInclude>
    <ClInclude Include="Console.h">
      <Filter>보조 클래스</Filter>
    </ClInclude>
    <ClInclude Include="ProgramManager.h">
      <Filter>주 클래스</Filter>
    </ClInclude>
    <ClInclude Include="MainMenu.h">
      <Filter>주 클래스</Filter>
    </ClInclude>
    <ClInclude Include="Timer.h">
      <Filter>보조 클래스</Filter>
    </ClInclude>
    <ClInclude Include="LongPractice.h">
      <Filter>주 클래스</Filter>
    </ClInclude>
    <ClInclude Include="MiniGame.h">
      <Filter>주 클래스</Filter>
    </ClInclude>
    <ClInclude Include="ShortPractice.h">
      <Filter>주 클래스</Filter>
    </ClInclude>
    <ClInclude Include="Statistics.h">
      <Filter>주 클래스</Filter>
    </ClInclude>
    <ClInclude Include="TypingManager.h">
      <Filter>주 클래스</Filter>
    </ClInclude>
    <ClInclude Include="WordPractice.h">
      <Filter>주 클래스</Filter>
    </ClInclude>
    <ClInclude Include="Keyboard.h">
      <Filter>보조 클래스</Filter>
    </ClInclude>
    <ClInclude Include="Random.h">
      <Filter>보조 클래스</Filter>
    </ClInclude>
    <ClInclude Include="Text.h">
      <Filter>보조 클래스</Filter>
    </ClInclude>
  </ItemGroup>
  <ItemGroup>
    <Text Include="Assets\layout\intro_programLogo.txt">
      <Filter>Layout\Others</Filter>
    </Text>
    <Text Include="Assets\layout\intro_teamBoard.txt">
      <Filter>Layout\Others</Filter>
    </Text>
    <Text Include="Assets\layout\intro_teamLogo.txt">
      <Filter>Layout\Others</Filter>
    </Text>
    <Text Include="Assets\layout\intro_teamMember.txt">
      <Filter>Layout\Others</Filter>
    </Text>
    <Text Include="Assets\layout\mainmenu_brickwall.txt">
      <Filter>Layout\Others</Filter>
    </Text>
    <Text Include="Assets\layout\mainmenu_practicebox.txt">
      <Filter>Layout\Others</Filter>
    </Text>
    <Text Include="Assets\layout\mainmenu_subtitle.txt">
      <Filter>Layout\Others</Filter>
    </Text>
    <Text Include="Assets\layout\practice_intro.txt">
      <Filter>Layout\Others</Filter>
    </Text>
    <Text Include="Assets\layout\practice_main.txt">
      <Filter>Layout\Others</Filter>
    </Text>
    <Text Include="Assets\layout\minigame_ending.txt">
      <Filter>Layout\Others</Filter>
    </Text>
    <Text Include="Assets\layout\minigame_cloud.txt">
      <Filter>Layout\Others</Filter>
    </Text>
    <Text Include="Assets\layout\minigame_main.txt">
      <Filter>Layout\Others</Filter>
    </Text>
    <Text Include="Assets\layout\minigame_cloud_ending.txt">
      <Filter>Layout\Others</Filter>
    </Text>
    <Text Include="Assets\preset\game\game0.txt">
      <Filter>Preset\Game</Filter>
    </Text>
    <Text Include="Assets\preset\game\game1.txt">
      <Filter>Preset\Game</Filter>
    </Text>
    <Text Include="Assets\preset\game\game2.txt">
      <Filter>Preset\Game</Filter>
    </Text>
    <Text Include="Assets\preset\game\game3.txt">
      <Filter>Preset\Game</Filter>
    </Text>
    <Text Include="Assets\preset\game\game4.txt">
      <Filter>Preset\Game</Filter>
    </Text>
    <Text Include="Assets\preset\game\game5.txt">
      <Filter>Preset\Game</Filter>
    </Text>
    <Text Include="Assets\preset\game\game6.txt">
      <Filter>Preset\Game</Filter>
    </Text>
    <Text Include="Assets\preset\game\game7.txt">
      <Filter>Preset\Game</Filter>
    </Text>
    <Text Include="Assets\preset\game\game8.txt">
      <Filter>Preset\Game</Filter>
    </Text>
    <Text Include="Assets\preset\game\game9.txt">
      <Filter>Preset\Game</Filter>
    </Text>
    <Text Include="Assets\preset\game\game10.txt">
      <Filter>Preset\Game</Filter>
    </Text>
    <Text Include="Assets\preset\game\game11.txt">
      <Filter>Preset\Game</Filter>
    </Text>
    <Text Include="Assets\preset\game\game12.txt">
      <Filter>Preset\Game</Filter>
    </Text>
    <Text Include="Assets\preset\game\game13.txt">
      <Filter>Preset\Game</Filter>
    </Text>
    <Text Include="Assets\preset\game\game14.txt">
      <Filter>Preset\Game</Filter>
    </Text>
    <Text Include="Assets\preset\game\game15.txt">
      <Filter>Preset\Game</Filter>
    </Text>
    <Text Include="Assets\preset\game\game16.txt">
      <Filter>Preset\Game</Filter>
    </Text>
    <Text Include="Assets\preset\word.txt">
      <Filter>Preset\Word</Filter>
    </Text>
    <Text Include="Assets\preset\long\long0.txt">
      <Filter>Preset\Long</Filter>
    </Text>
    <Text Include="Assets\preset\long\long4.txt">
      <Filter>Preset\Long</Filter>
    </Text>
    <Text Include="Assets\preset\long\long5.txt">
      <Filter>Preset\Long</Filter>
    </Text>
    <Text Include="Assets\preset\long\long6.txt">
      <Filter>Preset\Long</Filter>
    </Text>
    <Text Include="Assets\preset\long\long7.txt">
      <Filter>Preset\Long</Filter>
    </Text>
    <Text Include="Assets\preset\long\long8.txt">
      <Filter>Preset\Long</Filter>
    </Text>
    <Text Include="Assets\preset\long\long9.txt">
      <Filter>Preset\Long</Filter>
    </Text>
    <Text Include="Assets\preset\long\long3.txt">
      <Filter>Preset\Long</Filter>
    </Text>
    <Text Include="Assets\preset\long\long2.txt">
      <Filter>Preset\Long</Filter>
    </Text>
    <Text Include="Assets\preset\long\long1.txt">
      <Filter>Preset\Long</Filter>
    </Text>
    <Text Include="Assets\preset\short.txt">
      <Filter>Preset\Short</Filter>
    </Text>
    <Text Include="_Document\_해야할 일.txt">
      <Filter>_Document</Filter>
    </Text>
    <Text Include="Assets\statistics\longaccuracy.txt">
      <Filter>Statistics</Filter>
    </Text>
    <Text Include="Assets\statistics\longspeed.txt">
      <Filter>Statistics</Filter>
    </Text>
    <Text Include="Assets\statistics\shortaccuracy.txt">
      <Filter>Statistics</Filter>
    </Text>
    <Text Include="Assets\statistics\shortspeed.txt">
      <Filter>Statistics</Filter>
    </Text>
    <Text Include="Assets\statistics\wordaccuracy.txt">
      <Filter>Statistics</Filter>
    </Text>
    <Text Include="Assets\statistics\wordspeed.txt">
      <Filter>Statistics</Filter>
    </Text>
    <Text Include="Assets\layout\minigame_gallows\A+.txt">
      <Filter>Layout\Hangman Gallows</Filter>
    </Text>
    <Text Include="Assets\layout\minigame_gallows\A0.txt">
      <Filter>Layout\Hangman Gallows</Filter>
    </Text>
    <Text Include="Assets\layout\minigame_gallows\B+.txt">
      <Filter>Layout\Hangman Gallows</Filter>
    </Text>
    <Text Include="Assets\layout\minigame_gallows\B0.txt">
      <Filter>Layout\Hangman Gallows</Filter>
    </Text>
    <Text Include="Assets\layout\minigame_gallows\C+.txt">
      <Filter>Layout\Hangman Gallows</Filter>
    </Text>
    <Text Include="Assets\layout\minigame_gallows\C0.txt">
      <Filter>Layout\Hangman Gallows</Filter>
    </Text>
    <Text Include="Assets\layout\minigame_gallows\D+.txt">
      <Filter>Layout\Hangman Gallows</Filter>
    </Text>
    <Text Include="Assets\layout\minigame_gallows\D0.txt">
      <Filter>Layout\Hangman Gallows</Filter>
    </Text>
    <Text Include="Assets\layout\minigame_gallows\F.txt">
      <Filter>Layout\Hangman Gallows</Filter>
    </Text>
  </ItemGroup>
  <ItemGroup>
    <None Include="ClassDiagram.cd">
      <Filter>_Others</Filter>
    </None>
    <None Include="_Document\1. 제안서 - 최종.pdf">
      <Filter>_Document</Filter>
    </None>
    <None Include="_Document\2. 중간보고서 - 최종.pdf">
      <Filter>_Document</Filter>
    </None>
    <None Include="_Document\3. 발표 C++.pptx">
      <Filter>_Document</Filter>
    </None>
  </ItemGroup>
</Project>