<?xml version="1.0" encoding="utf-8"?>
<Project ToolsVersion="4.0" xmlns="http://schemas.microsoft.com/developer/msbuild/2003">
  <ItemGroup>
    <Filter Include="보조 클래스">
      <UniqueIdentifier>{3568124e-9752-4f95-9d3a-6bc375c3a5dd}</UniqueIdentifier>
    </Filter>
    <Filter Include="주 클래스">
      <UniqueIdentifier>{0fde54cc-284c-4a46-8cf2-065a54687752}</UniqueIdentifier>
    </Filter>
    <Filter Include="기타 파일">
      <UniqueIdentifier>{4FC737F1-C7A5-4376-A066-2A32D752A2FF}</UniqueIdentifier>
      <Extensions>cpp;c;cc;cxx;c++;def;odl;idl;hpj;bat;asm;asmx</Extensions>
    </Filter>
    <Filter Include="테스트">
      <UniqueIdentifier>{c14fe1b1-44cb-4eb8-b16c-0941e6682bdc}</UniqueIdentifier>
    </Filter>
    <Filter Include="Layout">
      <UniqueIdentifier>{67DA6AB6-F800-4c08-8B7A-83BB121AAD01}</UniqueIdentifier>
      <Extensions>rc;ico;cur;bmp;dlg;rc2;rct;bin;rgs;gif;jpg;jpeg;jpe;resx;tiff;tif;png;wav;mfcribbon-ms</Extensions>
    </Filter>
    <Filter Include="Layout\Hangman Gallows">
      <UniqueIdentifier>{5a92150e-f029-4a34-8a0e-babe1b4992e3}</UniqueIdentifier>
    </Filter>
    <Filter Include="Layout\Others">
      <UniqueIdentifier>{4f9360ed-f24b-4d05-9c16-6ca25e1c3777}</UniqueIdentifier>
    </Filter>
  </ItemGroup>
  <ItemGroup>
    <ClCompile Include="main.cpp">
      <Filter>기타 파일</Filter>
    </ClCompile>
    <ClCompile Include="Console.cpp">
      <Filter>보조 클래스</Filter>
    </ClCompile>
    <ClCompile Include="Config.cpp">
      <Filter>보조 클래스</Filter>
    </ClCompile>
    <ClCompile Include="ProgramManager.cpp">
      <Filter>주 클래스</Filter>
    </ClCompile>
    <ClCompile Include="MainMenu.cpp">
      <Filter>주 클래스</Filter>
    </ClCompile>
    <ClCompile Include="Keyboard.cpp">
      <Filter>보조 클래스</Filter>
    </ClCompile>
    <ClCompile Include="Random.cpp">
      <Filter>보조 클래스</Filter>
    </ClCompile>
    <ClCompile Include="WordPractice.cpp">
      <Filter>테스트</Filter>
    </ClCompile>
    <ClCompile Include="ShortPractice.cpp">
      <Filter>테스트</Filter>
    </ClCompile>
    <ClCompile Include="LongPractice.cpp">
      <Filter>테스트</Filter>
    </ClCompile>
    <ClCompile Include="Text.cpp">
      <Filter>보조 클래스</Filter>
    </ClCompile>
    <ClCompile Include="Timer.cpp">
      <Filter>보조 클래스</Filter>
    </ClCompile>
    <ClCompile Include="MiniGame.cpp">
      <Filter>테스트</Filter>
    </ClCompile>
    <ClCompile Include="Statistics.cpp">
      <Filter>테스트</Filter>
    </ClCompile>
    <ClCompile Include="TypingManager.cpp">
      <Filter>테스트</Filter>
    </ClCompile>
  </ItemGroup>
  <ItemGroup>
    <ClInclude Include="Config.h">
      <Filter>보조 클래스</Filter>
    </ClInclude>
    <ClInclude Include="Console.h">
      <Filter>보조 클래스</Filter>
    </ClInclude>
    <ClInclude Include="ProgramManager.h">
      <Filter>주 클래스</Filter>
    </ClInclude>
    <ClInclude Include="MainMenu.h">
      <Filter>주 클래스</Filter>
    </ClInclude>
    <ClInclude Include="Keyboard.h">
      <Filter>보조 클래스</Filter>
    </ClInclude>
    <ClInclude Include="Random.h">
      <Filter>보조 클래스</Filter>
    </ClInclude>
    <ClInclude Include="TypingManager.h">
      <Filter>테스트</Filter>
    </ClInclude>
    <ClInclude Include="LongPractice.h">
      <Filter>테스트</Filter>
    </ClInclude>
    <ClInclude Include="ShortPractice.h">
      <Filter>테스트</Filter>
    </ClInclude>
    <ClInclude Include="WordPractice.h">
      <Filter>테스트</Filter>
    </ClInclude>
    <ClInclude Include="Text.h">
      <Filter>보조 클래스</Filter>
    </ClInclude>
    <ClInclude Include="Timer.h">
      <Filter>보조 클래스</Filter>
    </ClInclude>
    <ClInclude Include="MiniGame.h">
      <Filter>테스트</Filter>
    </ClInclude>
    <ClInclude Include="Statistics.h">
      <Filter>테스트</Filter>
    </ClInclude>
  </ItemGroup>
  <ItemGroup>
    <Text Include="_Singleton.txt">
      <Filter>기타 파일</Filter>
    </Text>
    <Text Include="Assets\layout\hangman_gallows\A+.txt">
      <Filter>Layout\Hangman Gallows</Filter>
    </Text>
    <Text Include="Assets\layout\intro_programLogo.txt">
      <Filter>Layout\Others</Filter>
    </Text>
    <Text Include="Assets\layout\intro_teamBoard.txt">
      <Filter>Layout\Others</Filter>
    </Text>
    <Text Include="Assets\layout\intro_teamLogo.txt">
      <Filter>Layout\Others</Filter>
    </Text>
    <Text Include="Assets\layout\intro_teamMember.txt">
      <Filter>Layout\Others</Filter>
    </Text>
    <Text Include="Assets\layout\mainmenu_brickwall.txt">
      <Filter>Layout\Others</Filter>
    </Text>
    <Text Include="Assets\layout\mainmenu_practicebox.txt">
      <Filter>Layout\Others</Filter>
    </Text>
    <Text Include="Assets\layout\mainmenu_subtitle.txt">
      <Filter>Layout\Others</Filter>
    </Text>
    <Text Include="Assets\layout\practice_intro.txt">
      <Filter>Layout\Others</Filter>
    </Text>
    <Text Include="Assets\layout\practice_main.txt">
      <Filter>Layout\Others</Filter>
    </Text>
    <Text Include="Assets\layout\hangman_gallows\A0.txt">
      <Filter>Layout\Hangman Gallows</Filter>
    </Text>
    <Text Include="Assets\layout\hangman_gallows\B+.txt">
      <Filter>Layout\Hangman Gallows</Filter>
    </Text>
    <Text Include="Assets\layout\hangman_gallows\B0.txt">
      <Filter>Layout\Hangman Gallows</Filter>
    </Text>
    <Text Include="Assets\layout\hangman_gallows\C+.txt">
      <Filter>Layout\Hangman Gallows</Filter>
    </Text>
    <Text Include="Assets\layout\hangman_gallows\C0.txt">
      <Filter>Layout\Hangman Gallows</Filter>
    </Text>
    <Text Include="Assets\layout\hangman_gallows\D+.txt">
      <Filter>Layout\Hangman Gallows</Filter>
    </Text>
    <Text Include="Assets\layout\hangman_gallows\D0.txt">
      <Filter>Layout\Hangman Gallows</Filter>
    </Text>
    <Text Include="Assets\layout\hangman_gallows\F.txt">
      <Filter>Layout\Hangman Gallows</Filter>
    </Text>
    <Text Include="Assets\layout\minigame_ending.txt">
      <Filter>Layout\Others</Filter>
    </Text>
    <Text Include="Assets\layout\minigame_cloud.txt">
      <Filter>Layout\Others</Filter>
    </Text>
    <Text Include="Assets\layout\minigame_main.txt">
      <Filter>Layout\Others</Filter>
    </Text>
    <Text Include="Assets\layout\minigame_cloud_ending.txt">
      <Filter>Layout\Others</Filter>
    </Text>
  </ItemGroup>
  <ItemGroup>
    <None Include="ClassDiagram.cd">
      <Filter>기타 파일</Filter>
    </None>
  </ItemGroup>
</Project>